
Microsoft Visual Studio Solution File, Format Version 12.00
# Visual Studio Version 17
VisualStudioVersion = 17.5.33516.290
MinimumVisualStudioVersion = 10.0.40219.1
Project("{FAE04EC0-301F-11D3-BF4B-00C04F79EFBC}") = "BasicControls", "BasicControls\BasicControls.csproj", "{E7F39892-2478-4FBF-A96C-B202D53821F7}"
EndProject
Global
	GlobalSection(SolutionConfigurationPlatforms) = preSolution
		Debug|Any CPU = Debug|Any CPU
		Release|Any CPU = Release|Any CPU
	EndGlobalSection
	GlobalSection(ProjectConfigurationPlatforms) = postSolution
		{E7F39892-2478-4FBF-A96C-B202D53821F7}.Debug|Any CPU.ActiveCfg = Debug|Any CPU
		{E7F39892-2478-4FBF-A96C-B202D53821F7}.Debug|Any CPU.Build.0 = Debug|Any CPU
		{E7F39892-2478-4FBF-A96C-B202D53821F7}.Release|Any CPU.ActiveCfg = Release|Any CPU
		{E7F39892-2478-4FBF-A96C-B202D53821F7}.Release|Any CPU.Build.0 = Release|Any CPU
	EndGlobalSection
	GlobalSection(SolutionProperties) = preSolution
		HideSolutionNode = FALSE
	EndGlobalSection
	GlobalSection(ExtensibilityGlobals) = postSolution
		SolutionGuid = {F5F97B6D-889B-4E76-B8A7-CF44489745A3}
	EndGlobalSection
EndGlobal
